
Microsoft Visual Studio Solution File, Format Version 12.00
# Visual Studio Version 16
VisualStudioVersion = 16.0.809.1
MinimumVisualStudioVersion = 10.0.40219.1
Project("{FAE04EC0-301F-11D3-BF4B-00C04F79EFBC}") = "WebApiFornecedor", "WebApiFornecedor.csproj", "{113B3E01-586C-4AE2-99C6-06E8E9F92CE8}"
EndProject
Global
	GlobalSection(SolutionConfigurationPlatforms) = preSolution
		Debug|Any CPU = Debug|Any CPU
		Release|Any CPU = Release|Any CPU
	EndGlobalSection
	GlobalSection(ProjectConfigurationPlatforms) = postSolution
		{113B3E01-586C-4AE2-99C6-06E8E9F92CE8}.Debug|Any CPU.ActiveCfg = Debug|Any CPU
		{113B3E01-586C-4AE2-99C6-06E8E9F92CE8}.Debug|Any CPU.Build.0 = Debug|Any CPU
		{113B3E01-586C-4AE2-99C6-06E8E9F92CE8}.Release|Any CPU.ActiveCfg = Release|Any CPU
		{113B3E01-586C-4AE2-99C6-06E8E9F92CE8}.Release|Any CPU.Build.0 = Release|Any CPU
	EndGlobalSection
	GlobalSection(SolutionProperties) = preSolution
		HideSolutionNode = FALSE
	EndGlobalSection
	GlobalSection(ExtensibilityGlobals) = postSolution
		SolutionGuid = {FB519C41-E88D-45DA-BD01-843668794E1B}
	EndGlobalSection
EndGlobal
